
Microsoft Visual Studio Solution File, Format Version 12.00
# Visual Studio Version 16
VisualStudioVersion = 16.0.31729.503
MinimumVisualStudioVersion = 10.0.40219.1
Project("{8BC9CEB8-8B4A-11D0-8D11-00A0C91BC942}") = "DataStructure", "DataStructure.vcxproj", "{A8A775C2-D5FF-441F-81A5-9EA781D6FE5C}"
EndProject
Global
	GlobalSection(SolutionConfigurationPlatforms) = preSolution
		Debug|x64 = Debug|x64
		Debug|x86 = Debug|x86
		Release|x64 = Release|x64
		Release|x86 = Release|x86
	EndGlobalSection
	GlobalSection(ProjectConfigurationPlatforms) = postSolution
		{A8A775C2-D5FF-441F-81A5-9EA781D6FE5C}.Debug|x64.ActiveCfg = Debug|x64
		{A8A775C2-D5FF-441F-81A5-9EA781D6FE5C}.Debug|x64.Build.0 = Debug|x64
		{A8A775C2-D5FF-441F-81A5-9EA781D6FE5C}.Debug|x86.ActiveCfg = Debug|Win32
		{A8A775C2-D5FF-441F-81A5-9EA781D6FE5C}.Debug|x86.Build.0 = Debug|Win32
		{A8A775C2-D5FF-441F-81A5-9EA781D6FE5C}.Release|x64.ActiveCfg = Release|x64
		{A8A775C2-D5FF-441F-81A5-9EA781D6FE5C}.Release|x64.Build.0 = Release|x64
		{A8A775C2-D5FF-441F-81A5-9EA781D6FE5C}.Release|x86.ActiveCfg = Release|Win32
		{A8A775C2-D5FF-441F-81A5-9EA781D6FE5C}.Release|x86.Build.0 = Release|Win32
	EndGlobalSection
	GlobalSection(SolutionProperties) = preSolution
		HideSolutionNode = FALSE
	EndGlobalSection
	GlobalSection(ExtensibilityGlobals) = postSolution
		SolutionGuid = {31B1645C-BEB2-4F04-B3B7-D67DD10F3660}
	EndGlobalSection
EndGlobal
